// !$*UTF8*$!
{
	archiveVersion = 1;
	classes = {
	};
	objectVersion = 56;
	objects = {

/* Begin PBXBuildFile section */
		1832AFE129E40FE4007CD655 /* AppDelegate.swift in Sources */ = {isa = PBXBuildFile; fileRef = 1832AFE029E40FE4007CD655 /* AppDelegate.swift */; };
		1832AFE329E40FE4007CD655 /* SceneDelegate.swift in Sources */ = {isa = PBXBuildFile; fileRef = 1832AFE229E40FE4007CD655 /* SceneDelegate.swift */; };
		1832AFE529E40FE4007CD655 /* ViewController.swift in Sources */ = {isa = PBXBuildFile; fileRef = 1832AFE429E40FE4007CD655 /* ViewController.swift */; };
		1832AFEA29E40FE5007CD655 /* Assets.xcassets in Resources */ = {isa = PBXBuildFile; fileRef = 1832AFE929E40FE5007CD655 /* Assets.xcassets */; };
		1832AFED29E40FE5007CD655 /* LaunchScreen.storyboard in Resources */ = {isa = PBXBuildFile; fileRef = 1832AFEB29E40FE5007CD655 /* LaunchScreen.storyboard */; };
		1832AFFA29E59ACD007CD655 /* SettingsViewModel.swift in Sources */ = {isa = PBXBuildFile; fileRef = 1832AFF929E59ACD007CD655 /* SettingsViewModel.swift */; };
		1832AFFC29E59C41007CD655 /* SettingsView.swift in Sources */ = {isa = PBXBuildFile; fileRef = 1832AFFB29E59C41007CD655 /* SettingsView.swift */; };
		1832AFFE29E59C5A007CD655 /* TableViewCell.swift in Sources */ = {isa = PBXBuildFile; fileRef = 1832AFFD29E59C5A007CD655 /* TableViewCell.swift */; };
		1832B00029E59C73007CD655 /* SwitchTableViewCell.swift in Sources */ = {isa = PBXBuildFile; fileRef = 1832AFFF29E59C73007CD655 /* SwitchTableViewCell.swift */; };
		1832B00229E59C8B007CD655 /* Model.swift in Sources */ = {isa = PBXBuildFile; fileRef = 1832B00129E59C8B007CD655 /* Model.swift */; };
		1832B00529E59D33007CD655 /* SnapKit in Frameworks */ = {isa = PBXBuildFile; productRef = 1832B00429E59D33007CD655 /* SnapKit */; };
		1832B00729E59E9A007CD655 /* SettingsModel.swift in Sources */ = {isa = PBXBuildFile; fileRef = 1832B00629E59E9A007CD655 /* SettingsModel.swift */; };
/* End PBXBuildFile section */

/* Begin PBXFileReference section */
		1832AFDD29E40FE4007CD655 /* IphoneSettingsMVVM.app */ = {isa = PBXFileReference; explicitFileType = wrapper.application; includeInIndex = 0; path = IphoneSettingsMVVM.app; sourceTree = BUILT_PRODUCTS_DIR; };
		1832AFE029E40FE4007CD655 /* AppDelegate.swift */ = {isa = PBXFileReference; lastKnownFileType = sourcecode.swift; path = AppDelegate.swift; sourceTree = "<group>"; };
		1832AFE229E40FE4007CD655 /* SceneDelegate.swift */ = {isa = PBXFileReference; lastKnownFileType = sourcecode.swift; path = SceneDelegate.swift; sourceTree = "<group>"; };
		1832AFE429E40FE4007CD655 /* ViewController.swift */ = {isa = PBXFileReference; lastKnownFileType = sourcecode.swift; path = ViewController.swift; sourceTree = "<group>"; };
		1832AFE929E40FE5007CD655 /* Assets.xcassets */ = {isa = PBXFileReference; lastKnownFileType = folder.assetcatalog; path = Assets.xcassets; sourceTree = "<group>"; };
		1832AFEC29E40FE5007CD655 /* Base */ = {isa = PBXFileReference; lastKnownFileType = file.storyboard; name = Base; path = Base.lproj/LaunchScreen.storyboard; sourceTree = "<group>"; };
		1832AFEE29E40FE5007CD655 /* Info.plist */ = {isa = PBXFileReference; lastKnownFileType = text.plist.xml; path = Info.plist; sourceTree = "<group>"; };
		1832AFF929E59ACD007CD655 /* SettingsViewModel.swift */ = {isa = PBXFileReference; lastKnownFileType = sourcecode.swift; path = SettingsViewModel.swift; sourceTree = "<group>"; };
		1832AFFB29E59C41007CD655 /* SettingsView.swift */ = {isa = PBXFileReference; lastKnownFileType = sourcecode.swift; path = SettingsView.swift; sourceTree = "<group>"; };
		1832AFFD29E59C5A007CD655 /* TableViewCell.swift */ = {isa = PBXFileReference; lastKnownFileType = sourcecode.swift; path = TableViewCell.swift; sourceTree = "<group>"; };
		1832AFFF29E59C73007CD655 /* SwitchTableViewCell.swift */ = {isa = PBXFileReference; lastKnownFileType = sourcecode.swift; path = SwitchTableViewCell.swift; sourceTree = "<group>"; };
		1832B00129E59C8B007CD655 /* Model.swift */ = {isa = PBXFileReference; lastKnownFileType = sourcecode.swift; path = Model.swift; sourceTree = "<group>"; };
		1832B00629E59E9A007CD655 /* SettingsModel.swift */ = {isa = PBXFileReference; lastKnownFileType = sourcecode.swift; path = SettingsModel.swift; sourceTree = "<group>"; };
/* End PBXFileReference section */

/* Begin PBXFrameworksBuildPhase section */
		1832AFDA29E40FE4007CD655 /* Frameworks */ = {
			isa = PBXFrameworksBuildPhase;
			buildActionMask = 2147483647;
			files = (
				1832B00529E59D33007CD655 /* SnapKit in Frameworks */,
			);
			runOnlyForDeploymentPostprocessing = 0;
		};
/* End PBXFrameworksBuildPhase section */

/* Begin PBXGroup section */
		1832AFD429E40FE4007CD655 = {
			isa = PBXGroup;
			children = (
				1832AFDF29E40FE4007CD655 /* IphoneSettingsMVVM */,
				1832AFDE29E40FE4007CD655 /* Products */,
			);
			sourceTree = "<group>";
		};
		1832AFDE29E40FE4007CD655 /* Products */ = {
			isa = PBXGroup;
			children = (
				1832AFDD29E40FE4007CD655 /* IphoneSettingsMVVM.app */,
			);
			name = Products;
			sourceTree = "<group>";
		};
		1832AFDF29E40FE4007CD655 /* IphoneSettingsMVVM */ = {
			isa = PBXGroup;
			children = (
				1832AFF829E59279007CD655 /* View */,
				1832AFF729E5926C007CD655 /* ViewModel */,
				1832AFF629E59263007CD655 /* Model */,
				1832AFF529E5922C007CD655 /* Additional */,
				1832AFF429E5920F007CD655 /* Application */,
				1832AFEE29E40FE5007CD655 /* Info.plist */,
			);
			path = IphoneSettingsMVVM;
			sourceTree = "<group>";
		};
		1832AFF429E5920F007CD655 /* Application */ = {
			isa = PBXGroup;
			children = (
				1832AFE229E40FE4007CD655 /* SceneDelegate.swift */,
				1832AFE029E40FE4007CD655 /* AppDelegate.swift */,
			);
			path = Application;
			sourceTree = "<group>";
		};
		1832AFF529E5922C007CD655 /* Additional */ = {
			isa = PBXGroup;
			children = (
				1832AFEB29E40FE5007CD655 /* LaunchScreen.storyboard */,
				1832AFE929E40FE5007CD655 /* Assets.xcassets */,
			);
			path = Additional;
			sourceTree = "<group>";
		};
		1832AFF629E59263007CD655 /* Model */ = {
			isa = PBXGroup;
			children = (
				1832B00129E59C8B007CD655 /* Model.swift */,
				1832B00629E59E9A007CD655 /* SettingsModel.swift */,
			);
			path = Model;
			sourceTree = "<group>";
		};
		1832AFF729E5926C007CD655 /* ViewModel */ = {
			isa = PBXGroup;
			children = (
				1832AFE429E40FE4007CD655 /* ViewController.swift */,
				1832AFF929E59ACD007CD655 /* SettingsViewModel.swift */,
			);
			path = ViewModel;
			sourceTree = "<group>";
		};
		1832AFF829E59279007CD655 /* View */ = {
			isa = PBXGroup;
			children = (
				1832AFFB29E59C41007CD655 /* SettingsView.swift */,
				1832AFFD29E59C5A007CD655 /* TableViewCell.swift */,
				1832AFFF29E59C73007CD655 /* SwitchTableViewCell.swift */,
			);
			path = View;
			sourceTree = "<group>";
		};
/* End PBXGroup section */

/* Begin PBXNativeTarget section */
		1832AFDC29E40FE4007CD655 /* IphoneSettingsMVVM */ = {
			isa = PBXNativeTarget;
			buildConfigurationList = 1832AFF129E40FE5007CD655 /* Build configuration list for PBXNativeTarget "IphoneSettingsMVVM" */;
			buildPhases = (
				1832AFD929E40FE4007CD655 /* Sources */,
				1832AFDA29E40FE4007CD655 /* Frameworks */,
				1832AFDB29E40FE4007CD655 /* Resources */,
			);
			buildRules = (
			);
			dependencies = (
			);
			name = IphoneSettingsMVVM;
			packageProductDependencies = (
				1832B00429E59D33007CD655 /* SnapKit */,
			);
			productName = IphoneSettingsMVVM;
			productReference = 1832AFDD29E40FE4007CD655 /* IphoneSettingsMVVM.app */;
			productType = "com.apple.product-type.application";
		};
/* End PBXNativeTarget section */

/* Begin PBXProject section */
		1832AFD529E40FE4007CD655 /* Project object */ = {
			isa = PBXProject;
			attributes = {
				BuildIndependentTargetsInParallel = 1;
				LastSwiftUpdateCheck = 1420;
				LastUpgradeCheck = 1420;
				TargetAttributes = {
					1832AFDC29E40FE4007CD655 = {
						CreatedOnToolsVersion = 14.2;
					};
				};
			};
			buildConfigurationList = 1832AFD829E40FE4007CD655 /* Build configuration list for PBXProject "IphoneSettingsMVVM" */;
			compatibilityVersion = "Xcode 14.0";
			developmentRegion = en;
			hasScannedForEncodings = 0;
			knownRegions = (
				en,
				Base,
			);
			mainGroup = 1832AFD429E40FE4007CD655;
			packageReferences = (
				1832B00329E59D33007CD655 /* XCRemoteSwiftPackageReference "SnapKit" */,
			);
			productRefGroup = 1832AFDE29E40FE4007CD655 /* Products */;
			projectDirPath = "";
			projectRoot = "";
			targets = (
				1832AFDC29E40FE4007CD655 /* IphoneSettingsMVVM */,
			);
		};
/* End PBXProject section */

/* Begin PBXResourcesBuildPhase section */
		1832AFDB29E40FE4007CD655 /* Resources */ = {
			isa = PBXResourcesBuildPhase;
			buildActionMask = 2147483647;
			files = (
				1832AFED29E40FE5007CD655 /* LaunchScreen.storyboard in Resources */,
				1832AFEA29E40FE5007CD655 /* Assets.xcassets in Resources */,
			);
			runOnlyForDeploymentPostprocessing = 0;
		};
/* End PBXResourcesBuildPhase section */

/* Begin PBXSourcesBuildPhase section */
		1832AFD929E40FE4007CD655 /* Sources */ = {
			isa = PBXSourcesBuildPhase;
			buildActionMask = 2147483647;
			files = (
				1832B00729E59E9A007CD655 /* SettingsModel.swift in Sources */,
				1832AFFC29E59C41007CD655 /* SettingsView.swift in Sources */,
				1832AFE529E40FE4007CD655 /* ViewController.swift in Sources */,
				1832B00029E59C73007CD655 /* SwitchTableViewCell.swift in Sources */,
				1832AFE129E40FE4007CD655 /* AppDelegate.swift in Sources */,
				1832AFFE29E59C5A007CD655 /* TableViewCell.swift in Sources */,
				1832AFE329E40FE4007CD655 /* SceneDelegate.swift in Sources */,
				1832AFFA29E59ACD007CD655 /* SettingsViewModel.swift in Sources */,
				1832B00229E59C8B007CD655 /* Model.swift in Sources */,
			);
			runOnlyForDeploymentPostprocessing = 0;
		};
/* End PBXSourcesBuildPhase section */

/* Begin PBXVariantGroup section */
		1832AFEB29E40FE5007CD655 /* LaunchScreen.storyboard */ = {
			isa = PBXVariantGroup;
			children = (
				1832AFEC29E40FE5007CD655 /* Base */,
			);
			name = LaunchScreen.storyboard;
			sourceTree = "<group>";
		};
/* End PBXVariantGroup section */

/* Begin XCBuildConfiguration section */
		1832AFEF29E40FE5007CD655 /* Debug */ = {
			isa = XCBuildConfiguration;
			buildSettings = {
				ALWAYS_SEARCH_USER_PATHS = NO;
				CLANG_ANALYZER_NONNULL = YES;
				CLANG_ANALYZER_NUMBER_OBJECT_CONVERSION = YES_AGGRESSIVE;
				CLANG_CXX_LANGUAGE_STANDARD = "gnu++20";
				CLANG_ENABLE_MODULES = YES;
				CLANG_ENABLE_OBJC_ARC = YES;
				CLANG_ENABLE_OBJC_WEAK = YES;
				CLANG_WARN_BLOCK_CAPTURE_AUTORELEASING = YES;
				CLANG_WARN_BOOL_CONVERSION = YES;
				CLANG_WARN_COMMA = YES;
				CLANG_WARN_CONSTANT_CONVERSION = YES;
				CLANG_WARN_DEPRECATED_OBJC_IMPLEMENTATIONS = YES;
				CLANG_WARN_DIRECT_OBJC_ISA_USAGE = YES_ERROR;
				CLANG_WARN_DOCUMENTATION_COMMENTS = YES;
				CLANG_WARN_EMPTY_BODY = YES;
				CLANG_WARN_ENUM_CONVERSION = YES;
				CLANG_WARN_INFINITE_RECURSION = YES;
				CLANG_WARN_INT_CONVERSION = YES;
				CLANG_WARN_NON_LITERAL_NULL_CONVERSION = YES;
				CLANG_WARN_OBJC_IMPLICIT_RETAIN_SELF = YES;
				CLANG_WARN_OBJC_LITERAL_CONVERSION = YES;
				CLANG_WARN_OBJC_ROOT_CLASS = YES_ERROR;
				CLANG_WARN_QUOTED_INCLUDE_IN_FRAMEWORK_HEADER = YES;
				CLANG_WARN_RANGE_LOOP_ANALYSIS = YES;
				CLANG_WARN_STRICT_PROTOTYPES = YES;
				CLANG_WARN_SUSPICIOUS_MOVE = YES;
				CLANG_WARN_UNGUARDED_AVAILABILITY = YES_AGGRESSIVE;
				CLANG_WARN_UNREACHABLE_CODE = YES;
				CLANG_WARN__DUPLICATE_METHOD_MATCH = YES;
				COPY_PHASE_STRIP = NO;
				DEBUG_INFORMATION_FORMAT = dwarf;
				ENABLE_STRICT_OBJC_MSGSEND = YES;
				ENABLE_TESTABILITY = YES;
				GCC_C_LANGUAGE_STANDARD = gnu11;
				GCC_DYNAMIC_NO_PIC = NO;
				GCC_NO_COMMON_BLOCKS = YES;
				GCC_OPTIMIZATION_LEVEL = 0;
				GCC_PREPROCESSOR_DEFINITIONS = (
					"DEBUG=1",
					"$(inherited)",
				);
				GCC_WARN_64_TO_32_BIT_CONVERSION = YES;
				GCC_WARN_ABOUT_RETURN_TYPE = YES_ERROR;
				GCC_WARN_UNDECLARED_SELECTOR = YES;
				GCC_WARN_UNINITIALIZED_AUTOS = YES_AGGRESSIVE;
				GCC_WARN_UNUSED_FUNCTION = YES;
				GCC_WARN_UNUSED_VARIABLE = YES;
				IPHONEOS_DEPLOYMENT_TARGET = 16.2;
				MTL_ENABLE_DEBUG_INFO = INCLUDE_SOURCE;
				MTL_FAST_MATH = YES;
				ONLY_ACTIVE_ARCH = YES;
				SDKROOT = iphoneos;
				SWIFT_ACTIVE_COMPILATION_CONDITIONS = DEBUG;
				SWIFT_OPTIMIZATION_LEVEL = "-Onone";
			};
			name = Debug;
		};
		1832AFF029E40FE5007CD655 /* Release */ = {
			isa = XCBuildConfiguration;
			buildSettings = {
				ALWAYS_SEARCH_USER_PATHS = NO;
				CLANG_ANALYZER_NONNULL = YES;
				CLANG_ANALYZER_NUMBER_OBJECT_CONVERSION = YES_AGGRESSIVE;
				CLANG_CXX_LANGUAGE_STANDARD = "gnu++20";
				CLANG_ENABLE_MODULES = YES;
				CLANG_ENABLE_OBJC_ARC = YES;
				CLANG_ENABLE_OBJC_WEAK = YES;
				CLANG_WARN_BLOCK_CAPTURE_AUTORELEASING = YES;
				CLANG_WARN_BOOL_CONVERSION = YES;
				CLANG_WARN_COMMA = YES;
				CLANG_WARN_CONSTANT_CONVERSION = YES;
				CLANG_WARN_DEPRECATED_OBJC_IMPLEMENTATIONS = YES;
				CLANG_WARN_DIRECT_OBJC_ISA_USAGE = YES_ERROR;
				CLANG_WARN_DOCUMENTATION_COMMENTS = YES;
				CLANG_WARN_EMPTY_BODY = YES;
				CLANG_WARN_ENUM_CONVERSION = YES;
				CLANG_WARN_INFINITE_RECURSION = YES;
				CLANG_WARN_INT_CONVERSION = YES;
				CLANG_WARN_NON_LITERAL_NULL_CONVERSION = YES;
				CLANG_WARN_OBJC_IMPLICIT_RETAIN_SELF = YES;
				CLANG_WARN_OBJC_LITERAL_CONVERSION = YES;
				CLANG_WARN_OBJC_ROOT_CLASS = YES_ERROR;
				CLANG_WARN_QUOTED_INCLUDE_IN_FRAMEWORK_HEADER = YES;
				CLANG_WARN_RANGE_LOOP_ANALYSIS = YES;
				CLANG_WARN_STRICT_PROTOTYPES = YES;
				CLANG_WARN_SUSPICIOUS_MOVE = YES;
				CLANG_WARN_UNGUARDED_AVAILABILITY = YES_AGGRESSIVE;
				CLANG_WARN_UNREACHABLE_CODE = YES;
				CLANG_WARN__DUPLICATE_METHOD_MATCH = YES;
				COPY_PHASE_STRIP = NO;
				DEBUG_INFORMATION_FORMAT = "dwarf-with-dsym";
				ENABLE_NS_ASSERTIONS = NO;
				ENABLE_STRICT_OBJC_MSGSEND = YES;
				GCC_C_LANGUAGE_STANDARD = gnu11;
				GCC_NO_COMMON_BLOCKS = YES;
				GCC_WARN_64_TO_32_BIT_CONVERSION = YES;
				GCC_WARN_ABOUT_RETURN_TYPE = YES_ERROR;
				GCC_WARN_UNDECLARED_SELECTOR = YES;
				GCC_WARN_UNINITIALIZED_AUTOS = YES_AGGRESSIVE;
				GCC_WARN_UNUSED_FUNCTION = YES;
				GCC_WARN_UNUSED_VARIABLE = YES;
				IPHONEOS_DEPLOYMENT_TARGET = 16.2;
				MTL_ENABLE_DEBUG_INFO = NO;
				MTL_FAST_MATH = YES;
				SDKROOT = iphoneos;
				SWIFT_COMPILATION_MODE = wholemodule;
				SWIFT_OPTIMIZATION_LEVEL = "-O";
				VALIDATE_PRODUCT = YES;
			};
			name = Release;
		};
		1832AFF229E40FE5007CD655 /* Debug */ = {
			isa = XCBuildConfiguration;
			buildSettings = {
				ASSETCATALOG_COMPILER_APPICON_NAME = AppIcon;
				ASSETCATALOG_COMPILER_GLOBAL_ACCENT_COLOR_NAME = AccentColor;
				CODE_SIGN_STYLE = Automatic;
				CURRENT_PROJECT_VERSION = 1;
				DEVELOPMENT_TEAM = 772A23CWJC;
				GENERATE_INFOPLIST_FILE = YES;
				INFOPLIST_FILE = IphoneSettingsMVVM/Info.plist;
				INFOPLIST_KEY_UIApplicationSupportsIndirectInputEvents = YES;
				INFOPLIST_KEY_UILaunchStoryboardName = LaunchScreen;
				INFOPLIST_KEY_UISupportedInterfaceOrientations_iPad = "UIInterfaceOrientationPortrait UIInterfaceOrientationPortraitUpsideDown UIInterfaceOrientationLandscapeLeft UIInterfaceOrientationLandscapeRight";
				INFOPLIST_KEY_UISupportedInterfaceOrientations_iPhone = "UIInterfaceOrientationPortrait UIInterfaceOrientationLandscapeLeft UIInterfaceOrientationLandscapeRight";
				LD_RUNPATH_SEARCH_PATHS = (
					"$(inherited)",
					"@executable_path/Frameworks",
				);
				MARKETING_VERSION = 1.0;
				PRODUCT_BUNDLE_IDENTIFIER = kazakhlegacy.IphoneSettingsMVVM;
				PRODUCT_NAME = "$(TARGET_NAME)";
				SWIFT_EMIT_LOC_STRINGS = YES;
				SWIFT_VERSION = 5.0;
				TARGETED_DEVICE_FAMILY = "1,2";
			};
			name = Debug;
		};
		1832AFF329E40FE5007CD655 /* Release */ = {
			isa = XCBuildConfiguration;
			buildSettings = {
				ASSETCATALOG_COMPILER_APPICON_NAME = AppIcon;
				ASSETCATALOG_COMPILER_GLOBAL_ACCENT_COLOR_NAME = AccentColor;
				CODE_SIGN_STYLE = Automatic;
				CURRENT_PROJECT_VERSION = 1;
				DEVELOPMENT_TEAM = 772A23CWJC;
				GENERATE_INFOPLIST_FILE = YES;
				INFOPLIST_FILE = IphoneSettingsMVVM/Info.plist;
				INFOPLIST_KEY_UIApplicationSupportsIndirectInputEvents = YES;
				INFOPLIST_KEY_UILaunchStoryboardName = LaunchScreen;
				INFOPLIST_KEY_UISupportedInterfaceOrientations_iPad = "UIInterfaceOrientationPortrait UIInterfaceOrientationPortraitUpsideDown UIInterfaceOrientationLandscapeLeft UIInterfaceOrientationLandscapeRight";
				INFOPLIST_KEY_UISupportedInterfaceOrientations_iPhone = "UIInterfaceOrientationPortrait UIInterfaceOrientationLandscapeLeft UIInterfaceOrientationLandscapeRight";
				LD_RUNPATH_SEARCH_PATHS = (
					"$(inherited)",
					"@executable_path/Frameworks",
				);
				MARKETING_VERSION = 1.0;
				PRODUCT_BUNDLE_IDENTIFIER = kazakhlegacy.IphoneSettingsMVVM;
				PRODUCT_NAME = "$(TARGET_NAME)";
				SWIFT_EMIT_LOC_STRINGS = YES;
				SWIFT_VERSION = 5.0;
				TARGETED_DEVICE_FAMILY = "1,2";
			};
			name = Release;
		};
/* End XCBuildConfiguration section */

/* Begin XCConfigurationList section */
		1832AFD829E40FE4007CD655 /* Build configuration list for PBXProject "IphoneSettingsMVVM" */ = {
			isa = XCConfigurationList;
			buildConfigurations = (
				1832AFEF29E40FE5007CD655 /* Debug */,
				1832AFF029E40FE5007CD655 /* Release */,
			);
			defaultConfigurationIsVisible = 0;
			defaultConfigurationName = Release;
		};
		1832AFF129E40FE5007CD655 /* Build configuration list for PBXNativeTarget "IphoneSettingsMVVM" */ = {
			isa = XCConfigurationList;
			buildConfigurations = (
				1832AFF229E40FE5007CD655 /* Debug */,
				1832AFF329E40FE5007CD655 /* Release */,
			);
			defaultConfigurationIsVisible = 0;
			defaultConfigurationName = Release;
		};
/* End XCConfigurationList section */

/* Begin XCRemoteSwiftPackageReference section */
		1832B00329E59D33007CD655 /* XCRemoteSwiftPackageReference "SnapKit" */ = {
			isa = XCRemoteSwiftPackageReference;
			repositoryURL = "https://github.com/SnapKit/SnapKit";
			requirement = {
				kind = exactVersion;
				version = 5.6.0;
			};
		};
/* End XCRemoteSwiftPackageReference section */

/* Begin XCSwiftPackageProductDependency section */
		1832B00429E59D33007CD655 /* SnapKit */ = {
			isa = XCSwiftPackageProductDependency;
			package = 1832B00329E59D33007CD655 /* XCRemoteSwiftPackageReference "SnapKit" */;
			productName = SnapKit;
		};
/* End XCSwiftPackageProductDependency section */
	};
	rootObject = 1832AFD529E40FE4007CD655 /* Project object */;
}
